
Microsoft Visual Studio Solution File, Format Version 12.00
# Visual Studio Version 17
VisualStudioVersion = 17.10.35027.167
MinimumVisualStudioVersion = 10.0.40219.1
Project("{FAE04EC0-301F-11D3-BF4B-00C04F79EFBC}") = "EmployeeManagementSys", "EmployeeManagementSys.csproj", "{EFF773F3-FC3D-4011-9541-997EF90E6AC1}"
EndProject
Global
	GlobalSection(SolutionConfigurationPlatforms) = preSolution
		Debug|Any CPU = Debug|Any CPU
		Release|Any CPU = Release|Any CPU
	EndGlobalSection
	GlobalSection(ProjectConfigurationPlatforms) = postSolution
		{EFF773F3-FC3D-4011-9541-997EF90E6AC1}.Debug|Any CPU.ActiveCfg = Debug|Any CPU
		{EFF773F3-FC3D-4011-9541-997EF90E6AC1}.Debug|Any CPU.Build.0 = Debug|Any CPU
		{EFF773F3-FC3D-4011-9541-997EF90E6AC1}.Release|Any CPU.ActiveCfg = Release|Any CPU
		{EFF773F3-FC3D-4011-9541-997EF90E6AC1}.Release|Any CPU.Build.0 = Release|Any CPU
	EndGlobalSection
	GlobalSection(SolutionProperties) = preSolution
		HideSolutionNode = FALSE
	EndGlobalSection
	GlobalSection(ExtensibilityGlobals) = postSolution
		SolutionGuid = {0307A2E3-1DE4-4272-888E-6C15F1C8F587}
	EndGlobalSection
EndGlobal
